# CANDIDATE ONLY: macOS 15 / arm64 or x86_64 CPython 3.10.11. Hardware validation pending.
# PyObjC framework set targets Darwin 24 (macOS 15); see README for architecture limits.
annotated-types==0.8.0
arabic-reshaper==3.0.1
astunparse==1.6.3
beautifulsoup4==4.15.0
blosc2==4.3.3
certifi==2026.7.22
cffi==2.1.1
charset-normalizer==3.5.1
contourpy==1.3.2
cycler==0.12.1
decorator==5.3.1
elementpath==5.1.4
esprima==4.0.1
et-xmlfile==2.0.0
ffpyplayer==4.5.3
fonttools==4.64.0
freetype-py==2.5.1
future==1.0.0
gevent==25.5.1
greenlet==3.5.6
i18next==0.0.3
idna==3.19
ifaddr==0.2.0
imageio-ffmpeg==0.6.0
imageio==2.37.4
jedi==0.20.0
json-tricks==3.17.3
kiwisolver==1.5.1
matplotlib==3.10.9
meshpy==2026.1.1
moviepy==2.2.1
msgpack-numpy==0.4.8
msgpack==1.2.2
ndindex==1.10.1
numexpr==2.14.1
numpy==2.2.6
opencv-python==5.0.0.93
openpyxl==3.1.5
packaging==26.3
pandas==2.3.3
parso==0.8.7
pillow==11.3.0
pip==23.0.1
proglog==0.1.12
psutil==7.2.2
psychopy==2026.2.4
psychtoolbox==3.0.22.2
py-cpuinfo==9.0.0
pyarrow==25.0.1
pycparser==3.0
pydantic-core==2.46.5
pydantic==2.13.5
pyglet==1.5.27
pylsl==1.18.2
pyobjc-core==11.1
pyobjc-framework-accessibility==11.1
pyobjc-framework-accounts==11.1
pyobjc-framework-addressbook==11.1
pyobjc-framework-adservices==11.1
pyobjc-framework-adsupport==11.1
pyobjc-framework-applescriptkit==11.1
pyobjc-framework-applescriptobjc==11.1
pyobjc-framework-applicationservices==11.1
pyobjc-framework-apptrackingtransparency==11.1
pyobjc-framework-audiovideobridging==11.1
pyobjc-framework-authenticationservices==11.1
pyobjc-framework-automaticassessmentconfiguration==11.1
pyobjc-framework-automator==11.1
pyobjc-framework-avfoundation==11.1
pyobjc-framework-avkit==11.1
pyobjc-framework-avrouting==11.1
pyobjc-framework-backgroundassets==11.1
pyobjc-framework-browserenginekit==11.1
pyobjc-framework-businesschat==11.1
pyobjc-framework-calendarstore==11.1
pyobjc-framework-callkit==11.1
pyobjc-framework-carbon==11.1
pyobjc-framework-cfnetwork==11.1
pyobjc-framework-cinematic==11.1
pyobjc-framework-classkit==11.1
pyobjc-framework-cloudkit==11.1
pyobjc-framework-cocoa==11.1
pyobjc-framework-collaboration==11.1
pyobjc-framework-colorsync==11.1
pyobjc-framework-contacts==11.1
pyobjc-framework-contactsui==11.1
pyobjc-framework-coreaudio==11.1
pyobjc-framework-coreaudiokit==11.1
pyobjc-framework-corebluetooth==11.1
pyobjc-framework-coredata==11.1
pyobjc-framework-corehaptics==11.1
pyobjc-framework-corelocation==11.1
pyobjc-framework-coremedia==11.1
pyobjc-framework-coremediaio==11.1
pyobjc-framework-coremidi==11.1
pyobjc-framework-coreml==11.1
pyobjc-framework-coremotion==11.1
pyobjc-framework-coreservices==11.1
pyobjc-framework-corespotlight==11.1
pyobjc-framework-coretext==11.1
pyobjc-framework-corewlan==11.1
pyobjc-framework-cryptotokenkit==11.1
pyobjc-framework-datadetection==11.1
pyobjc-framework-devicecheck==11.1
pyobjc-framework-devicediscoveryextension==11.1
pyobjc-framework-dictionaryservices==11.1
pyobjc-framework-discrecording==11.1
pyobjc-framework-discrecordingui==11.1
pyobjc-framework-diskarbitration==11.1
pyobjc-framework-dvdplayback==11.1
pyobjc-framework-eventkit==11.1
pyobjc-framework-exceptionhandling==11.1
pyobjc-framework-executionpolicy==11.1
pyobjc-framework-extensionkit==11.1
pyobjc-framework-externalaccessory==11.1
pyobjc-framework-fileprovider==11.1
pyobjc-framework-fileproviderui==11.1
pyobjc-framework-findersync==11.1
pyobjc-framework-fsevents==11.1
pyobjc-framework-fskit==11.1
pyobjc-framework-gamecenter==11.1
pyobjc-framework-gamecontroller==11.1
pyobjc-framework-gamekit==11.1
pyobjc-framework-gameplaykit==11.1
pyobjc-framework-healthkit==11.1
pyobjc-framework-imagecapturecore==11.1
pyobjc-framework-inputmethodkit==11.1
pyobjc-framework-installerplugins==11.1
pyobjc-framework-instantmessage==11.1
pyobjc-framework-intents==11.1
pyobjc-framework-intentsui==11.1
pyobjc-framework-iobluetooth==11.1
pyobjc-framework-iobluetoothui==11.1
pyobjc-framework-iosurface==11.1
pyobjc-framework-ituneslibrary==11.1
pyobjc-framework-kernelmanagement==11.1
pyobjc-framework-latentsemanticmapping==11.1
pyobjc-framework-launchservices==11.1
pyobjc-framework-libdispatch==11.1
pyobjc-framework-libxpc==11.1
pyobjc-framework-linkpresentation==11.1
pyobjc-framework-localauthentication==11.1
pyobjc-framework-localauthenticationembeddedui==11.1
pyobjc-framework-mailkit==11.1
pyobjc-framework-mapkit==11.1
pyobjc-framework-mediaaccessibility==11.1
pyobjc-framework-mediaextension==11.1
pyobjc-framework-medialibrary==11.1
pyobjc-framework-mediaplayer==11.1
pyobjc-framework-mediatoolbox==11.1
pyobjc-framework-metal==11.1
pyobjc-framework-metalfx==11.1
pyobjc-framework-metalkit==11.1
pyobjc-framework-metalperformanceshaders==11.1
pyobjc-framework-metalperformanceshadersgraph==11.1
pyobjc-framework-metrickit==11.1
pyobjc-framework-mlcompute==11.1
pyobjc-framework-modelio==11.1
pyobjc-framework-multipeerconnectivity==11.1
pyobjc-framework-naturallanguage==11.1
pyobjc-framework-netfs==11.1
pyobjc-framework-network==11.1
pyobjc-framework-networkextension==11.1
pyobjc-framework-notificationcenter==11.1
pyobjc-framework-opendirectory==11.1
pyobjc-framework-osakit==11.1
pyobjc-framework-oslog==11.1
pyobjc-framework-passkit==11.1
pyobjc-framework-pencilkit==11.1
pyobjc-framework-phase==11.1
pyobjc-framework-photos==11.1
pyobjc-framework-photosui==11.1
pyobjc-framework-preferencepanes==11.1
pyobjc-framework-pushkit==11.1
pyobjc-framework-quartz==11.1
pyobjc-framework-quicklookthumbnailing==11.1
pyobjc-framework-replaykit==11.1
pyobjc-framework-safariservices==11.1
pyobjc-framework-safetykit==11.1
pyobjc-framework-scenekit==11.1
pyobjc-framework-screencapturekit==11.1
pyobjc-framework-screensaver==11.1
pyobjc-framework-screentime==11.1
pyobjc-framework-scriptingbridge==11.1
pyobjc-framework-searchkit==11.1
pyobjc-framework-security==11.1
pyobjc-framework-securityfoundation==11.1
pyobjc-framework-securityinterface==11.1
pyobjc-framework-securityui==11.1
pyobjc-framework-sensitivecontentanalysis==11.1
pyobjc-framework-servicemanagement==11.1
pyobjc-framework-sharedwithyou==11.1
pyobjc-framework-sharedwithyoucore==11.1
pyobjc-framework-shazamkit==11.1
pyobjc-framework-social==11.1
pyobjc-framework-soundanalysis==11.1
pyobjc-framework-speech==11.1
pyobjc-framework-spritekit==11.1
pyobjc-framework-storekit==11.1
pyobjc-framework-symbols==11.1
pyobjc-framework-syncservices==11.1
pyobjc-framework-systemconfiguration==11.1
pyobjc-framework-systemextensions==11.1
pyobjc-framework-threadnetwork==11.1
pyobjc-framework-uniformtypeidentifiers==11.1
pyobjc-framework-usernotifications==11.1
pyobjc-framework-usernotificationsui==11.1
pyobjc-framework-videosubscriberaccount==11.1
pyobjc-framework-videotoolbox==11.1
pyobjc-framework-virtualization==11.1
pyobjc-framework-vision==11.1
pyobjc-framework-webkit==11.1
pyobjc==11.1
pyparsing==3.3.2
pyqt6-qt6==6.11.2
pyqt6-sip==13.12.0
pyqt6==6.11.0
pyserial==3.5
python-bidi==0.6.11
python-dateutil==2.9.0.post0
python-dotenv==1.2.3
python-vlc==3.0.21203
pytz==2026.3.post1
pyyaml==6.0.3
pyzmq==27.2.0
questplus==2023.1
requests==2.34.2
scipy==1.15.3
setuptools==78.1.0
six==1.17.0
sounddevice==0.5.6
soundfile==0.14.0
soupsieve==2.9.2
tables==3.10.1
threadpoolctl==3.6.0
tqdm==4.70.0
typing-extensions==4.16.0
typing-inspection==0.4.4
tzdata==2026.4
ujson==6.0.0
urllib3==2.7.0
websockets==16.1.1
wheel==0.48.0
xarray==2025.6.1
xmlschema==4.3.2
zeroconf==0.147.0
zope-event==5.0
zope-interface==7.2
